// !$*UTF8*$!
{
	archiveVersion = 1;
	classes = {
	};
	objectVersion = 55;
	objects = {

/* Begin PBXBuildFile section */
		A8146D25299B55F50080D108 /* PopularMovieResult.swift in Sources */ = {isa = PBXBuildFile; fileRef = A8146D24299B55F50080D108 /* PopularMovieResult.swift */; };
		A8146D27299B5CD40080D108 /* GenreMovieResult.swift in Sources */ = {isa = PBXBuildFile; fileRef = A8146D26299B5CD40080D108 /* GenreMovieResult.swift */; };
		A8146D29299B5DA90080D108 /* Genre.swift in Sources */ = {isa = PBXBuildFile; fileRef = A8146D28299B5DA90080D108 /* Genre.swift */; };
		A8146D2B299C40350080D108 /* UpcomingMovieResult.swift in Sources */ = {isa = PBXBuildFile; fileRef = A8146D2A299C40350080D108 /* UpcomingMovieResult.swift */; };
		A8146D2D299C798E0080D108 /* MovieDetail.swift in Sources */ = {isa = PBXBuildFile; fileRef = A8146D2C299C798E0080D108 /* MovieDetail.swift */; };
		A8146D2F299C8CB70080D108 /* TrendingMovieResult.swift in Sources */ = {isa = PBXBuildFile; fileRef = A8146D2E299C8CB70080D108 /* TrendingMovieResult.swift */; };
		A8146D31299ECCBA0080D108 /* SearchLoadingCell.swift in Sources */ = {isa = PBXBuildFile; fileRef = A8146D30299ECCBA0080D108 /* SearchLoadingCell.swift */; };
		A82B8F5729892A64002E6FA6 /* AppDelegate.swift in Sources */ = {isa = PBXBuildFile; fileRef = A82B8F5629892A64002E6FA6 /* AppDelegate.swift */; };
		A82B8F5B29892A64002E6FA6 /* BeerStoreViewController.swift in Sources */ = {isa = PBXBuildFile; fileRef = A82B8F5A29892A64002E6FA6 /* BeerStoreViewController.swift */; };
		A82B8F6029892A67002E6FA6 /* Assets.xcassets in Resources */ = {isa = PBXBuildFile; fileRef = A82B8F5F29892A67002E6FA6 /* Assets.xcassets */; };
		A82B8F6329892A67002E6FA6 /* LaunchScreen.storyboard in Resources */ = {isa = PBXBuildFile; fileRef = A82B8F6129892A67002E6FA6 /* LaunchScreen.storyboard */; };
		A82B8F6E29892A67002E6FA6 /* BeerTests.swift in Sources */ = {isa = PBXBuildFile; fileRef = A82B8F6D29892A67002E6FA6 /* BeerTests.swift */; };
		A82B8F7829892A67002E6FA6 /* BeerUITests.swift in Sources */ = {isa = PBXBuildFile; fileRef = A82B8F7729892A67002E6FA6 /* BeerUITests.swift */; };
		A82B8F7A29892A67002E6FA6 /* BeerUITestsLaunchTests.swift in Sources */ = {isa = PBXBuildFile; fileRef = A82B8F7929892A67002E6FA6 /* BeerUITestsLaunchTests.swift */; };
		A82B8FA5298D6C88002E6FA6 /* SceneDelegate.swift in Sources */ = {isa = PBXBuildFile; fileRef = A82B8FA4298D6C88002E6FA6 /* SceneDelegate.swift */; };
		A82B8FA8298D7226002E6FA6 /* RandomBeerViewController.swift in Sources */ = {isa = PBXBuildFile; fileRef = A82B8FA7298D7226002E6FA6 /* RandomBeerViewController.swift */; };
		A82B8FAA298D7236002E6FA6 /* SearchBeerViewController.swift in Sources */ = {isa = PBXBuildFile; fileRef = A82B8FA9298D7236002E6FA6 /* SearchBeerViewController.swift */; };
		A82B8FAC298D728F002E6FA6 /* MainTabBarController.swift in Sources */ = {isa = PBXBuildFile; fileRef = A82B8FAB298D728F002E6FA6 /* MainTabBarController.swift */; };
		A82B8FAE298D983B002E6FA6 /* DetailViewController.swift in Sources */ = {isa = PBXBuildFile; fileRef = A82B8FAD298D983B002E6FA6 /* DetailViewController.swift */; };
		A84A48CF2990584200DF67B5 /* Section.swift in Sources */ = {isa = PBXBuildFile; fileRef = A84A48CE2990584200DF67B5 /* Section.swift */; };
		A84A48D12990584600DF67B5 /* Item.swift in Sources */ = {isa = PBXBuildFile; fileRef = A84A48D02990584600DF67B5 /* Item.swift */; };
		A84A48D32990584F00DF67B5 /* FeaturedCell.swift in Sources */ = {isa = PBXBuildFile; fileRef = A84A48D22990584F00DF67B5 /* FeaturedCell.swift */; };
		A84A48D52990585600DF67B5 /* ThreeTableCell.swift in Sources */ = {isa = PBXBuildFile; fileRef = A84A48D42990585600DF67B5 /* ThreeTableCell.swift */; };
		A84A48D72990585D00DF67B5 /* SmallTableCell.swift in Sources */ = {isa = PBXBuildFile; fileRef = A84A48D62990585D00DF67B5 /* SmallTableCell.swift */; };
		A84A48D92990586300DF67B5 /* SectionHeader.swift in Sources */ = {isa = PBXBuildFile; fileRef = A84A48D82990586300DF67B5 /* SectionHeader.swift */; };
		A84A48DF299059EB00DF67B5 /* SelfConfigureCell.swift in Sources */ = {isa = PBXBuildFile; fileRef = A84A48CB2990582D00DF67B5 /* SelfConfigureCell.swift */; };
		A84A48E1299061D300DF67B5 /* ConfigureView.swift in Sources */ = {isa = PBXBuildFile; fileRef = A84A48E0299061D300DF67B5 /* ConfigureView.swift */; };
		A84A48E6299065D700DF67B5 /* appstore.json in Resources */ = {isa = PBXBuildFile; fileRef = A84A48E5299065D700DF67B5 /* appstore.json */; };
		A84A48E829906F0E00DF67B5 /* SearchResultCell.swift in Sources */ = {isa = PBXBuildFile; fileRef = A84A48E729906F0E00DF67B5 /* SearchResultCell.swift */; };
		A84A48EA2991926F00DF67B5 /* SquareCell.swift in Sources */ = {isa = PBXBuildFile; fileRef = A84A48E92991926F00DF67B5 /* SquareCell.swift */; };
		A85FA3CB2996C7F200BAB4A9 /* Error.swift in Sources */ = {isa = PBXBuildFile; fileRef = A85FA3CA2996C7F200BAB4A9 /* Error.swift */; };
		A85FA3CD2999D3A100BAB4A9 /* HttpMethod.swift in Sources */ = {isa = PBXBuildFile; fileRef = A85FA3CC2999D3A100BAB4A9 /* HttpMethod.swift */; };
		A85FA3CF2999D3D700BAB4A9 /* HttpClient.swift in Sources */ = {isa = PBXBuildFile; fileRef = A85FA3CE2999D3D700BAB4A9 /* HttpClient.swift */; };
		A85FA3D22999D44E00BAB4A9 /* MoviesEndpoint.swift in Sources */ = {isa = PBXBuildFile; fileRef = A85FA3D12999D44E00BAB4A9 /* MoviesEndpoint.swift */; };
		A85FA3D42999D4D700BAB4A9 /* MoviesService.swift in Sources */ = {isa = PBXBuildFile; fileRef = A85FA3D32999D4D700BAB4A9 /* MoviesService.swift */; };
		A85FA3D82999D53300BAB4A9 /* TopRatedResult.swift in Sources */ = {isa = PBXBuildFile; fileRef = A85FA3D72999D53300BAB4A9 /* TopRatedResult.swift */; };
		A85FA3DA2999D53E00BAB4A9 /* Movie.swift in Sources */ = {isa = PBXBuildFile; fileRef = A85FA3D92999D53E00BAB4A9 /* Movie.swift */; };
		A85FA3DC2999FB1800BAB4A9 /* SearchMovieResult.swift in Sources */ = {isa = PBXBuildFile; fileRef = A85FA3DB2999FB1800BAB4A9 /* SearchMovieResult.swift */; };
		A8B6BB7E2995BE5E00A2AC1A /* Endpoint.swift in Sources */ = {isa = PBXBuildFile; fileRef = A8B6BB7D2995BE5E00A2AC1A /* Endpoint.swift */; };
/* End PBXBuildFile section */

/* Begin PBXContainerItemProxy section */
		A82B8F6A29892A67002E6FA6 /* PBXContainerItemProxy */ = {
			isa = PBXContainerItemProxy;
			containerPortal = A82B8F4B29892A64002E6FA6 /* Project object */;
			proxyType = 1;
			remoteGlobalIDString = A82B8F5229892A64002E6FA6;
			remoteInfo = Beer;
		};
		A82B8F7429892A67002E6FA6 /* PBXContainerItemProxy */ = {
			isa = PBXContainerItemProxy;
			containerPortal = A82B8F4B29892A64002E6FA6 /* Project object */;
			proxyType = 1;
			remoteGlobalIDString = A82B8F5229892A64002E6FA6;
			remoteInfo = Beer;
		};
/* End PBXContainerItemProxy section */

/* Begin PBXFileReference section */
		A8146D24299B55F50080D108 /* PopularMovieResult.swift */ = {isa = PBXFileReference; lastKnownFileType = sourcecode.swift; path = PopularMovieResult.swift; sourceTree = "<group>"; };
		A8146D26299B5CD40080D108 /* GenreMovieResult.swift */ = {isa = PBXFileReference; lastKnownFileType = sourcecode.swift; path = GenreMovieResult.swift; sourceTree = "<group>"; };
		A8146D28299B5DA90080D108 /* Genre.swift */ = {isa = PBXFileReference; lastKnownFileType = sourcecode.swift; path = Genre.swift; sourceTree = "<group>"; };
		A8146D2A299C40350080D108 /* UpcomingMovieResult.swift */ = {isa = PBXFileReference; lastKnownFileType = sourcecode.swift; path = UpcomingMovieResult.swift; sourceTree = "<group>"; };
		A8146D2C299C798E0080D108 /* MovieDetail.swift */ = {isa = PBXFileReference; lastKnownFileType = sourcecode.swift; path = MovieDetail.swift; sourceTree = "<group>"; };
		A8146D2E299C8CB70080D108 /* TrendingMovieResult.swift */ = {isa = PBXFileReference; lastKnownFileType = sourcecode.swift; path = TrendingMovieResult.swift; sourceTree = "<group>"; };
		A8146D30299ECCBA0080D108 /* SearchLoadingCell.swift */ = {isa = PBXFileReference; lastKnownFileType = sourcecode.swift; path = SearchLoadingCell.swift; sourceTree = "<group>"; };
		A82B8F5329892A64002E6FA6 /* Beer.app */ = {isa = PBXFileReference; explicitFileType = wrapper.application; includeInIndex = 0; path = Beer.app; sourceTree = BUILT_PRODUCTS_DIR; };
		A82B8F5629892A64002E6FA6 /* AppDelegate.swift */ = {isa = PBXFileReference; lastKnownFileType = sourcecode.swift; path = AppDelegate.swift; sourceTree = "<group>"; };
		A82B8F5A29892A64002E6FA6 /* BeerStoreViewController.swift */ = {isa = PBXFileReference; lastKnownFileType = sourcecode.swift; path = BeerStoreViewController.swift; sourceTree = "<group>"; };
		A82B8F5F29892A67002E6FA6 /* Assets.xcassets */ = {isa = PBXFileReference; lastKnownFileType = folder.assetcatalog; path = Assets.xcassets; sourceTree = "<group>"; };
		A82B8F6229892A67002E6FA6 /* Base */ = {isa = PBXFileReference; lastKnownFileType = file.storyboard; name = Base; path = Base.lproj/LaunchScreen.storyboard; sourceTree = "<group>"; };
		A82B8F6429892A67002E6FA6 /* Info.plist */ = {isa = PBXFileReference; lastKnownFileType = text.plist.xml; path = Info.plist; sourceTree = "<group>"; };
		A82B8F6929892A67002E6FA6 /* BeerTests.xctest */ = {isa = PBXFileReference; explicitFileType = wrapper.cfbundle; includeInIndex = 0; path = BeerTests.xctest; sourceTree = BUILT_PRODUCTS_DIR; };
		A82B8F6D29892A67002E6FA6 /* BeerTests.swift */ = {isa = PBXFileReference; lastKnownFileType = sourcecode.swift; path = BeerTests.swift; sourceTree = "<group>"; };
		A82B8F7329892A67002E6FA6 /* BeerUITests.xctest */ = {isa = PBXFileReference; explicitFileType = wrapper.cfbundle; includeInIndex = 0; path = BeerUITests.xctest; sourceTree = BUILT_PRODUCTS_DIR; };
		A82B8F7729892A67002E6FA6 /* BeerUITests.swift */ = {isa = PBXFileReference; lastKnownFileType = sourcecode.swift; path = BeerUITests.swift; sourceTree = "<group>"; };
		A82B8F7929892A67002E6FA6 /* BeerUITestsLaunchTests.swift */ = {isa = PBXFileReference; lastKnownFileType = sourcecode.swift; path = BeerUITestsLaunchTests.swift; sourceTree = "<group>"; };
		A82B8FA4298D6C88002E6FA6 /* SceneDelegate.swift */ = {isa = PBXFileReference; lastKnownFileType = sourcecode.swift; path = SceneDelegate.swift; sourceTree = "<group>"; };
		A82B8FA7298D7226002E6FA6 /* RandomBeerViewController.swift */ = {isa = PBXFileReference; lastKnownFileType = sourcecode.swift; path = RandomBeerViewController.swift; sourceTree = "<group>"; };
		A82B8FA9298D7236002E6FA6 /* SearchBeerViewController.swift */ = {isa = PBXFileReference; lastKnownFileType = sourcecode.swift; path = SearchBeerViewController.swift; sourceTree = "<group>"; };
		A82B8FAB298D728F002E6FA6 /* MainTabBarController.swift */ = {isa = PBXFileReference; lastKnownFileType = sourcecode.swift; path = MainTabBarController.swift; sourceTree = "<group>"; };
		A82B8FAD298D983B002E6FA6 /* DetailViewController.swift */ = {isa = PBXFileReference; lastKnownFileType = sourcecode.swift; path = DetailViewController.swift; sourceTree = "<group>"; };
		A84A48CB2990582D00DF67B5 /* SelfConfigureCell.swift */ = {isa = PBXFileReference; lastKnownFileType = sourcecode.swift; path = SelfConfigureCell.swift; sourceTree = "<group>"; };
		A84A48CE2990584200DF67B5 /* Section.swift */ = {isa = PBXFileReference; lastKnownFileType = sourcecode.swift; path = Section.swift; sourceTree = "<group>"; };
		A84A48D02990584600DF67B5 /* Item.swift */ = {isa = PBXFileReference; lastKnownFileType = sourcecode.swift; path = Item.swift; sourceTree = "<group>"; };
		A84A48D22990584F00DF67B5 /* FeaturedCell.swift */ = {isa = PBXFileReference; lastKnownFileType = sourcecode.swift; path = FeaturedCell.swift; sourceTree = "<group>"; };
		A84A48D42990585600DF67B5 /* ThreeTableCell.swift */ = {isa = PBXFileReference; lastKnownFileType = sourcecode.swift; path = ThreeTableCell.swift; sourceTree = "<group>"; };
		A84A48D62990585D00DF67B5 /* SmallTableCell.swift */ = {isa = PBXFileReference; lastKnownFileType = sourcecode.swift; path = SmallTableCell.swift; sourceTree = "<group>"; };
		A84A48D82990586300DF67B5 /* SectionHeader.swift */ = {isa = PBXFileReference; lastKnownFileType = sourcecode.swift; path = SectionHeader.swift; sourceTree = "<group>"; };
		A84A48E0299061D300DF67B5 /* ConfigureView.swift */ = {isa = PBXFileReference; lastKnownFileType = sourcecode.swift; path = ConfigureView.swift; sourceTree = "<group>"; };
		A84A48E5299065D700DF67B5 /* appstore.json */ = {isa = PBXFileReference; fileEncoding = 4; lastKnownFileType = text.json; path = appstore.json; sourceTree = "<group>"; };
		A84A48E729906F0E00DF67B5 /* SearchResultCell.swift */ = {isa = PBXFileReference; lastKnownFileType = sourcecode.swift; path = SearchResultCell.swift; sourceTree = "<group>"; };
		A84A48E92991926F00DF67B5 /* SquareCell.swift */ = {isa = PBXFileReference; lastKnownFileType = sourcecode.swift; path = SquareCell.swift; sourceTree = "<group>"; };
		A85FA3CA2996C7F200BAB4A9 /* Error.swift */ = {isa = PBXFileReference; lastKnownFileType = sourcecode.swift; path = Error.swift; sourceTree = "<group>"; };
		A85FA3CC2999D3A100BAB4A9 /* HttpMethod.swift */ = {isa = PBXFileReference; lastKnownFileType = sourcecode.swift; path = HttpMethod.swift; sourceTree = "<group>"; };
		A85FA3CE2999D3D700BAB4A9 /* HttpClient.swift */ = {isa = PBXFileReference; lastKnownFileType = sourcecode.swift; path = HttpClient.swift; sourceTree = "<group>"; };
		A85FA3D12999D44E00BAB4A9 /* MoviesEndpoint.swift */ = {isa = PBXFileReference; lastKnownFileType = sourcecode.swift; path = MoviesEndpoint.swift; sourceTree = "<group>"; };
		A85FA3D32999D4D700BAB4A9 /* MoviesService.swift */ = {isa = PBXFileReference; lastKnownFileType = sourcecode.swift; path = MoviesService.swift; sourceTree = "<group>"; };
		A85FA3D72999D53300BAB4A9 /* TopRatedResult.swift */ = {isa = PBXFileReference; lastKnownFileType = sourcecode.swift; path = TopRatedResult.swift; sourceTree = "<group>"; };
		A85FA3D92999D53E00BAB4A9 /* Movie.swift */ = {isa = PBXFileReference; lastKnownFileType = sourcecode.swift; path = Movie.swift; sourceTree = "<group>"; };
		A85FA3DB2999FB1800BAB4A9 /* SearchMovieResult.swift */ = {isa = PBXFileReference; lastKnownFileType = sourcecode.swift; path = SearchMovieResult.swift; sourceTree = "<group>"; };
		A8B6BB7D2995BE5E00A2AC1A /* Endpoint.swift */ = {isa = PBXFileReference; lastKnownFileType = sourcecode.swift; path = Endpoint.swift; sourceTree = "<group>"; };
/* End PBXFileReference section */

/* Begin PBXFrameworksBuildPhase section */
		A82B8F5029892A64002E6FA6 /* Frameworks */ = {
			isa = PBXFrameworksBuildPhase;
			buildActionMask = 2147483647;
			files = (
			);
			runOnlyForDeploymentPostprocessing = 0;
		};
		A82B8F6629892A67002E6FA6 /* Frameworks */ = {
			isa = PBXFrameworksBuildPhase;
			buildActionMask = 2147483647;
			files = (
			);
			runOnlyForDeploymentPostprocessing = 0;
		};
		A82B8F7029892A67002E6FA6 /* Frameworks */ = {
			isa = PBXFrameworksBuildPhase;
			buildActionMask = 2147483647;
			files = (
			);
			runOnlyForDeploymentPostprocessing = 0;
		};
/* End PBXFrameworksBuildPhase section */

/* Begin PBXGroup section */
		A82B8F4A29892A64002E6FA6 = {
			isa = PBXGroup;
			children = (
				A82B8F5529892A64002E6FA6 /* Beer */,
				A82B8F6C29892A67002E6FA6 /* BeerTests */,
				A82B8F7629892A67002E6FA6 /* BeerUITests */,
				A82B8F5429892A64002E6FA6 /* Products */,
			);
			sourceTree = "<group>";
		};
		A82B8F5429892A64002E6FA6 /* Products */ = {
			isa = PBXGroup;
			children = (
				A82B8F5329892A64002E6FA6 /* Beer.app */,
				A82B8F6929892A67002E6FA6 /* BeerTests.xctest */,
				A82B8F7329892A67002E6FA6 /* BeerUITests.xctest */,
			);
			name = Products;
			sourceTree = "<group>";
		};
		A82B8F5529892A64002E6FA6 /* Beer */ = {
			isa = PBXGroup;
			children = (
				A82B8F8829898F30002E6FA6 /* AppDelegate */,
				A82B8F8929898F44002E6FA6 /* Supporting Files */,
				A82B8FA6298D6CD3002E6FA6 /* ViewContorllers */,
				A84A48DB299058A100DF67B5 /* Views */,
				A84A48DC299058A700DF67B5 /* Models */,
				A84A48E22990653400DF67B5 /* JSON */,
				A8B6BB702994ECE400A2AC1A /* Network */,
				A84A48DA2990587B00DF67B5 /* Protocols */,
			);
			path = Beer;
			sourceTree = "<group>";
		};
		A82B8F6C29892A67002E6FA6 /* BeerTests */ = {
			isa = PBXGroup;
			children = (
				A82B8F6D29892A67002E6FA6 /* BeerTests.swift */,
			);
			path = BeerTests;
			sourceTree = "<group>";
		};
		A82B8F7629892A67002E6FA6 /* BeerUITests */ = {
			isa = PBXGroup;
			children = (
				A82B8F7729892A67002E6FA6 /* BeerUITests.swift */,
				A82B8F7929892A67002E6FA6 /* BeerUITestsLaunchTests.swift */,
			);
			path = BeerUITests;
			sourceTree = "<group>";
		};
		A82B8F8829898F30002E6FA6 /* AppDelegate */ = {
			isa = PBXGroup;
			children = (
				A82B8F5629892A64002E6FA6 /* AppDelegate.swift */,
				A82B8FA4298D6C88002E6FA6 /* SceneDelegate.swift */,
			);
			path = AppDelegate;
			sourceTree = "<group>";
		};
		A82B8F8929898F44002E6FA6 /* Supporting Files */ = {
			isa = PBXGroup;
			children = (
				A82B8F5F29892A67002E6FA6 /* Assets.xcassets */,
				A82B8F6129892A67002E6FA6 /* LaunchScreen.storyboard */,
				A82B8F6429892A67002E6FA6 /* Info.plist */,
			);
			path = "Supporting Files";
			sourceTree = "<group>";
		};
		A82B8FA6298D6CD3002E6FA6 /* ViewContorllers */ = {
			isa = PBXGroup;
			children = (
				A82B8FAB298D728F002E6FA6 /* MainTabBarController.swift */,
				A82B8F5A29892A64002E6FA6 /* BeerStoreViewController.swift */,
				A82B8FA9298D7236002E6FA6 /* SearchBeerViewController.swift */,
				A82B8FA7298D7226002E6FA6 /* RandomBeerViewController.swift */,
				A82B8FAD298D983B002E6FA6 /* DetailViewController.swift */,
			);
			path = ViewContorllers;
			sourceTree = "<group>";
		};
		A84A48DA2990587B00DF67B5 /* Protocols */ = {
			isa = PBXGroup;
			children = (
				A84A48CB2990582D00DF67B5 /* SelfConfigureCell.swift */,
				A84A48E0299061D300DF67B5 /* ConfigureView.swift */,
			);
			path = Protocols;
			sourceTree = "<group>";
		};
		A84A48DB299058A100DF67B5 /* Views */ = {
			isa = PBXGroup;
			children = (
				A84A48D22990584F00DF67B5 /* FeaturedCell.swift */,
				A84A48D42990585600DF67B5 /* ThreeTableCell.swift */,
				A84A48D62990585D00DF67B5 /* SmallTableCell.swift */,
				A84A48E729906F0E00DF67B5 /* SearchResultCell.swift */,
				A8146D30299ECCBA0080D108 /* SearchLoadingCell.swift */,
				A84A48E92991926F00DF67B5 /* SquareCell.swift */,
				A84A48D82990586300DF67B5 /* SectionHeader.swift */,
			);
			path = Views;
			sourceTree = "<group>";
		};
		A84A48DC299058A700DF67B5 /* Models */ = {
			isa = PBXGroup;
			children = (
				A84A48CE2990584200DF67B5 /* Section.swift */,
				A84A48D02990584600DF67B5 /* Item.swift */,
				A8146D24299B55F50080D108 /* PopularMovieResult.swift */,
				A85FA3D72999D53300BAB4A9 /* TopRatedResult.swift */,
				A8146D26299B5CD40080D108 /* GenreMovieResult.swift */,
				A8146D2A299C40350080D108 /* UpcomingMovieResult.swift */,
				A85FA3DB2999FB1800BAB4A9 /* SearchMovieResult.swift */,
				A8146D2E299C8CB70080D108 /* TrendingMovieResult.swift */,
				A85FA3D92999D53E00BAB4A9 /* Movie.swift */,
				A8146D2C299C798E0080D108 /* MovieDetail.swift */,
				A8146D28299B5DA90080D108 /* Genre.swift */,
			);
			path = Models;
			sourceTree = "<group>";
		};
		A84A48E22990653400DF67B5 /* JSON */ = {
			isa = PBXGroup;
			children = (
				A84A48E5299065D700DF67B5 /* appstore.json */,
			);
			path = JSON;
			sourceTree = "<group>";
		};
		A85FA3D02999D3F900BAB4A9 /* Base */ = {
			isa = PBXGroup;
			children = (
				A8B6BB7D2995BE5E00A2AC1A /* Endpoint.swift */,
				A85FA3CC2999D3A100BAB4A9 /* HttpMethod.swift */,
				A85FA3CE2999D3D700BAB4A9 /* HttpClient.swift */,
				A85FA3CA2996C7F200BAB4A9 /* Error.swift */,
			);
			path = Base;
			sourceTree = "<group>";
		};
		A85FA3D52999D4DC00BAB4A9 /* Services */ = {
			isa = PBXGroup;
			children = (
				A85FA3D32999D4D700BAB4A9 /* MoviesService.swift */,
			);
			path = Services;
			sourceTree = "<group>";
		};
		A85FA3D62999D4E700BAB4A9 /* Endpoints */ = {
			isa = PBXGroup;
			children = (
				A85FA3D12999D44E00BAB4A9 /* MoviesEndpoint.swift */,
			);
			path = Endpoints;
			sourceTree = "<group>";
		};
		A8B6BB702994ECE400A2AC1A /* Network */ = {
			isa = PBXGroup;
			children = (
				A85FA3D02999D3F900BAB4A9 /* Base */,
				A85FA3D62999D4E700BAB4A9 /* Endpoints */,
				A85FA3D52999D4DC00BAB4A9 /* Services */,
			);
			path = Network;
			sourceTree = "<group>";
		};
/* End PBXGroup section */

/* Begin PBXNativeTarget section */
		A82B8F5229892A64002E6FA6 /* Beer */ = {
			isa = PBXNativeTarget;
			buildConfigurationList = A82B8F7D29892A67002E6FA6 /* Build configuration list for PBXNativeTarget "Beer" */;
			buildPhases = (
				A82B8F4F29892A64002E6FA6 /* Sources */,
				A82B8F5029892A64002E6FA6 /* Frameworks */,
				A82B8F5129892A64002E6FA6 /* Resources */,
			);
			buildRules = (
			);
			dependencies = (
			);
			name = Beer;
			productName = Beer;
			productReference = A82B8F5329892A64002E6FA6 /* Beer.app */;
			productType = "com.apple.product-type.application";
		};
		A82B8F6829892A67002E6FA6 /* BeerTests */ = {
			isa = PBXNativeTarget;
			buildConfigurationList = A82B8F8029892A67002E6FA6 /* Build configuration list for PBXNativeTarget "BeerTests" */;
			buildPhases = (
				A82B8F6529892A67002E6FA6 /* Sources */,
				A82B8F6629892A67002E6FA6 /* Frameworks */,
				A82B8F6729892A67002E6FA6 /* Resources */,
			);
			buildRules = (
			);
			dependencies = (
				A82B8F6B29892A67002E6FA6 /* PBXTargetDependency */,
			);
			name = BeerTests;
			productName = BeerTests;
			productReference = A82B8F6929892A67002E6FA6 /* BeerTests.xctest */;
			productType = "com.apple.product-type.bundle.unit-test";
		};
		A82B8F7229892A67002E6FA6 /* BeerUITests */ = {
			isa = PBXNativeTarget;
			buildConfigurationList = A82B8F8329892A67002E6FA6 /* Build configuration list for PBXNativeTarget "BeerUITests" */;
			buildPhases = (
				A82B8F6F29892A67002E6FA6 /* Sources */,
				A82B8F7029892A67002E6FA6 /* Frameworks */,
				A82B8F7129892A67002E6FA6 /* Resources */,
			);
			buildRules = (
			);
			dependencies = (
				A82B8F7529892A67002E6FA6 /* PBXTargetDependency */,
			);
			name = BeerUITests;
			productName = BeerUITests;
			productReference = A82B8F7329892A67002E6FA6 /* BeerUITests.xctest */;
			productType = "com.apple.product-type.bundle.ui-testing";
		};
/* End PBXNativeTarget section */

/* Begin PBXProject section */
		A82B8F4B29892A64002E6FA6 /* Project object */ = {
			isa = PBXProject;
			attributes = {
				BuildIndependentTargetsInParallel = 1;
				LastSwiftUpdateCheck = 1340;
				LastUpgradeCheck = 1340;
				TargetAttributes = {
					A82B8F5229892A64002E6FA6 = {
						CreatedOnToolsVersion = 13.4.1;
					};
					A82B8F6829892A67002E6FA6 = {
						CreatedOnToolsVersion = 13.4.1;
						TestTargetID = A82B8F5229892A64002E6FA6;
					};
					A82B8F7229892A67002E6FA6 = {
						CreatedOnToolsVersion = 13.4.1;
						TestTargetID = A82B8F5229892A64002E6FA6;
					};
				};
			};
			buildConfigurationList = A82B8F4E29892A64002E6FA6 /* Build configuration list for PBXProject "Beer" */;
			compatibilityVersion = "Xcode 13.0";
			developmentRegion = en;
			hasScannedForEncodings = 0;
			knownRegions = (
				en,
				Base,
			);
			mainGroup = A82B8F4A29892A64002E6FA6;
			productRefGroup = A82B8F5429892A64002E6FA6 /* Products */;
			projectDirPath = "";
			projectRoot = "";
			targets = (
				A82B8F5229892A64002E6FA6 /* Beer */,
				A82B8F6829892A67002E6FA6 /* BeerTests */,
				A82B8F7229892A67002E6FA6 /* BeerUITests */,
			);
		};
/* End PBXProject section */

/* Begin PBXResourcesBuildPhase section */
		A82B8F5129892A64002E6FA6 /* Resources */ = {
			isa = PBXResourcesBuildPhase;
			buildActionMask = 2147483647;
			files = (
				A82B8F6329892A67002E6FA6 /* LaunchScreen.storyboard in Resources */,
				A84A48E6299065D700DF67B5 /* appstore.json in Resources */,
				A82B8F6029892A67002E6FA6 /* Assets.xcassets in Resources */,
			);
			runOnlyForDeploymentPostprocessing = 0;
		};
		A82B8F6729892A67002E6FA6 /* Resources */ = {
			isa = PBXResourcesBuildPhase;
			buildActionMask = 2147483647;
			files = (
			);
			runOnlyForDeploymentPostprocessing = 0;
		};
		A82B8F7129892A67002E6FA6 /* Resources */ = {
			isa = PBXResourcesBuildPhase;
			buildActionMask = 2147483647;
			files = (
			);
			runOnlyForDeploymentPostprocessing = 0;
		};
/* End PBXResourcesBuildPhase section */

/* Begin PBXSourcesBuildPhase section */
		A82B8F4F29892A64002E6FA6 /* Sources */ = {
			isa = PBXSourcesBuildPhase;
			buildActionMask = 2147483647;
			files = (
				A84A48EA2991926F00DF67B5 /* SquareCell.swift in Sources */,
				A8146D27299B5CD40080D108 /* GenreMovieResult.swift in Sources */,
				A85FA3CF2999D3D700BAB4A9 /* HttpClient.swift in Sources */,
				A82B8FAA298D7236002E6FA6 /* SearchBeerViewController.swift in Sources */,
				A84A48D92990586300DF67B5 /* SectionHeader.swift in Sources */,
				A84A48DF299059EB00DF67B5 /* SelfConfigureCell.swift in Sources */,
				A84A48D12990584600DF67B5 /* Item.swift in Sources */,
				A85FA3CB2996C7F200BAB4A9 /* Error.swift in Sources */,
				A82B8FA5298D6C88002E6FA6 /* SceneDelegate.swift in Sources */,
				A8146D25299B55F50080D108 /* PopularMovieResult.swift in Sources */,
				A8146D29299B5DA90080D108 /* Genre.swift in Sources */,
				A8146D2B299C40350080D108 /* UpcomingMovieResult.swift in Sources */,
				A85FA3DA2999D53E00BAB4A9 /* Movie.swift in Sources */,
				A82B8FAC298D728F002E6FA6 /* MainTabBarController.swift in Sources */,
				A8146D2F299C8CB70080D108 /* TrendingMovieResult.swift in Sources */,
				A84A48E829906F0E00DF67B5 /* SearchResultCell.swift in Sources */,
				A82B8F5B29892A64002E6FA6 /* BeerStoreViewController.swift in Sources */,
				A84A48D72990585D00DF67B5 /* SmallTableCell.swift in Sources */,
				A84A48CF2990584200DF67B5 /* Section.swift in Sources */,
				A82B8F5729892A64002E6FA6 /* AppDelegate.swift in Sources */,
				A8B6BB7E2995BE5E00A2AC1A /* Endpoint.swift in Sources */,
				A85FA3D42999D4D700BAB4A9 /* MoviesService.swift in Sources */,
				A84A48E1299061D300DF67B5 /* ConfigureView.swift in Sources */,
				A85FA3D82999D53300BAB4A9 /* TopRatedResult.swift in Sources */,
				A85FA3D22999D44E00BAB4A9 /* MoviesEndpoint.swift in Sources */,
				A84A48D32990584F00DF67B5 /* FeaturedCell.swift in Sources */,
				A82B8FA8298D7226002E6FA6 /* RandomBeerViewController.swift in Sources */,
				A85FA3CD2999D3A100BAB4A9 /* HttpMethod.swift in Sources */,
				A8146D2D299C798E0080D108 /* MovieDetail.swift in Sources */,
				A84A48D52990585600DF67B5 /* ThreeTableCell.swift in Sources */,
				A82B8FAE298D983B002E6FA6 /* DetailViewController.swift in Sources */,
				A8146D31299ECCBA0080D108 /* SearchLoadingCell.swift in Sources */,
				A85FA3DC2999FB1800BAB4A9 /* SearchMovieResult.swift in Sources */,
			);
			runOnlyForDeploymentPostprocessing = 0;
		};
		A82B8F6529892A67002E6FA6 /* Sources */ = {
			isa = PBXSourcesBuildPhase;
			buildActionMask = 2147483647;
			files = (
				A82B8F6E29892A67002E6FA6 /* BeerTests.swift in Sources */,
			);
			runOnlyForDeploymentPostprocessing = 0;
		};
		A82B8F6F29892A67002E6FA6 /* Sources */ = {
			isa = PBXSourcesBuildPhase;
			buildActionMask = 2147483647;
			files = (
				A82B8F7A29892A67002E6FA6 /* BeerUITestsLaunchTests.swift in Sources */,
				A82B8F7829892A67002E6FA6 /* BeerUITests.swift in Sources */,
			);
			runOnlyForDeploymentPostprocessing = 0;
		};
/* End PBXSourcesBuildPhase section */

/* Begin PBXTargetDependency section */
		A82B8F6B29892A67002E6FA6 /* PBXTargetDependency */ = {
			isa = PBXTargetDependency;
			target = A82B8F5229892A64002E6FA6 /* Beer */;
			targetProxy = A82B8F6A29892A67002E6FA6 /* PBXContainerItemProxy */;
		};
		A82B8F7529892A67002E6FA6 /* PBXTargetDependency */ = {
			isa = PBXTargetDependency;
			target = A82B8F5229892A64002E6FA6 /* Beer */;
			targetProxy = A82B8F7429892A67002E6FA6 /* PBXContainerItemProxy */;
		};
/* End PBXTargetDependency section */

/* Begin PBXVariantGroup section */
		A82B8F6129892A67002E6FA6 /* LaunchScreen.storyboard */ = {
			isa = PBXVariantGroup;
			children = (
				A82B8F6229892A67002E6FA6 /* Base */,
			);
			name = LaunchScreen.storyboard;
			sourceTree = "<group>";
		};
/* End PBXVariantGroup section */

/* Begin XCBuildConfiguration section */
		A82B8F7B29892A67002E6FA6 /* Debug */ = {
			isa = XCBuildConfiguration;
			buildSettings = {
				ALWAYS_SEARCH_USER_PATHS = NO;
				CLANG_ANALYZER_NONNULL = YES;
				CLANG_ANALYZER_NUMBER_OBJECT_CONVERSION = YES_AGGRESSIVE;
				CLANG_CXX_LANGUAGE_STANDARD = "gnu++17";
				CLANG_ENABLE_MODULES = YES;
				CLANG_ENABLE_OBJC_ARC = YES;
				CLANG_ENABLE_OBJC_WEAK = YES;
				CLANG_WARN_BLOCK_CAPTURE_AUTORELEASING = YES;
				CLANG_WARN_BOOL_CONVERSION = YES;
				CLANG_WARN_COMMA = YES;
				CLANG_WARN_CONSTANT_CONVERSION = YES;
				CLANG_WARN_DEPRECATED_OBJC_IMPLEMENTATIONS = YES;
				CLANG_WARN_DIRECT_OBJC_ISA_USAGE = YES_ERROR;
				CLANG_WARN_DOCUMENTATION_COMMENTS = YES;
				CLANG_WARN_EMPTY_BODY = YES;
				CLANG_WARN_ENUM_CONVERSION = YES;
				CLANG_WARN_INFINITE_RECURSION = YES;
				CLANG_WARN_INT_CONVERSION = YES;
				CLANG_WARN_NON_LITERAL_NULL_CONVERSION = YES;
				CLANG_WARN_OBJC_IMPLICIT_RETAIN_SELF = YES;
				CLANG_WARN_OBJC_LITERAL_CONVERSION = YES;
				CLANG_WARN_OBJC_ROOT_CLASS = YES_ERROR;
				CLANG_WARN_QUOTED_INCLUDE_IN_FRAMEWORK_HEADER = YES;
				CLANG_WARN_RANGE_LOOP_ANALYSIS = YES;
				CLANG_WARN_STRICT_PROTOTYPES = YES;
				CLANG_WARN_SUSPICIOUS_MOVE = YES;
				CLANG_WARN_UNGUARDED_AVAILABILITY = YES_AGGRESSIVE;
				CLANG_WARN_UNREACHABLE_CODE = YES;
				CLANG_WARN__DUPLICATE_METHOD_MATCH = YES;
				COPY_PHASE_STRIP = NO;
				DEBUG_INFORMATION_FORMAT = dwarf;
				ENABLE_STRICT_OBJC_MSGSEND = YES;
				ENABLE_TESTABILITY = YES;
				GCC_C_LANGUAGE_STANDARD = gnu11;
				GCC_DYNAMIC_NO_PIC = NO;
				GCC_NO_COMMON_BLOCKS = YES;
				GCC_OPTIMIZATION_LEVEL = 0;
				GCC_PREPROCESSOR_DEFINITIONS = (
					"DEBUG=1",
					"$(inherited)",
				);
				GCC_WARN_64_TO_32_BIT_CONVERSION = YES;
				GCC_WARN_ABOUT_RETURN_TYPE = YES_ERROR;
				GCC_WARN_UNDECLARED_SELECTOR = YES;
				GCC_WARN_UNINITIALIZED_AUTOS = YES_AGGRESSIVE;
				GCC_WARN_UNUSED_FUNCTION = YES;
				GCC_WARN_UNUSED_VARIABLE = YES;
				IPHONEOS_DEPLOYMENT_TARGET = 14.0;
				MTL_ENABLE_DEBUG_INFO = INCLUDE_SOURCE;
				MTL_FAST_MATH = YES;
				ONLY_ACTIVE_ARCH = YES;
				SDKROOT = iphoneos;
				SWIFT_ACTIVE_COMPILATION_CONDITIONS = DEBUG;
				SWIFT_OPTIMIZATION_LEVEL = "-Onone";
			};
			name = Debug;
		};
		A82B8F7C29892A67002E6FA6 /* Release */ = {
			isa = XCBuildConfiguration;
			buildSettings = {
				ALWAYS_SEARCH_USER_PATHS = NO;
				CLANG_ANALYZER_NONNULL = YES;
				CLANG_ANALYZER_NUMBER_OBJECT_CONVERSION = YES_AGGRESSIVE;
				CLANG_CXX_LANGUAGE_STANDARD = "gnu++17";
				CLANG_ENABLE_MODULES = YES;
				CLANG_ENABLE_OBJC_ARC = YES;
				CLANG_ENABLE_OBJC_WEAK = YES;
				CLANG_WARN_BLOCK_CAPTURE_AUTORELEASING = YES;
				CLANG_WARN_BOOL_CONVERSION = YES;
				CLANG_WARN_COMMA = YES;
				CLANG_WARN_CONSTANT_CONVERSION = YES;
				CLANG_WARN_DEPRECATED_OBJC_IMPLEMENTATIONS = YES;
				CLANG_WARN_DIRECT_OBJC_ISA_USAGE = YES_ERROR;
				CLANG_WARN_DOCUMENTATION_COMMENTS = YES;
				CLANG_WARN_EMPTY_BODY = YES;
				CLANG_WARN_ENUM_CONVERSION = YES;
				CLANG_WARN_INFINITE_RECURSION = YES;
				CLANG_WARN_INT_CONVERSION = YES;
				CLANG_WARN_NON_LITERAL_NULL_CONVERSION = YES;
				CLANG_WARN_OBJC_IMPLICIT_RETAIN_SELF = YES;
				CLANG_WARN_OBJC_LITERAL_CONVERSION = YES;
				CLANG_WARN_OBJC_ROOT_CLASS = YES_ERROR;
				CLANG_WARN_QUOTED_INCLUDE_IN_FRAMEWORK_HEADER = YES;
				CLANG_WARN_RANGE_LOOP_ANALYSIS = YES;
				CLANG_WARN_STRICT_PROTOTYPES = YES;
				CLANG_WARN_SUSPICIOUS_MOVE = YES;
				CLANG_WARN_UNGUARDED_AVAILABILITY = YES_AGGRESSIVE;
				CLANG_WARN_UNREACHABLE_CODE = YES;
				CLANG_WARN__DUPLICATE_METHOD_MATCH = YES;
				COPY_PHASE_STRIP = NO;
				DEBUG_INFORMATION_FORMAT = "dwarf-with-dsym";
				ENABLE_NS_ASSERTIONS = NO;
				ENABLE_STRICT_OBJC_MSGSEND = YES;
				GCC_C_LANGUAGE_STANDARD = gnu11;
				GCC_NO_COMMON_BLOCKS = YES;
				GCC_WARN_64_TO_32_BIT_CONVERSION = YES;
				GCC_WARN_ABOUT_RETURN_TYPE = YES_ERROR;
				GCC_WARN_UNDECLARED_SELECTOR = YES;
				GCC_WARN_UNINITIALIZED_AUTOS = YES_AGGRESSIVE;
				GCC_WARN_UNUSED_FUNCTION = YES;
				GCC_WARN_UNUSED_VARIABLE = YES;
				IPHONEOS_DEPLOYMENT_TARGET = 14.0;
				MTL_ENABLE_DEBUG_INFO = NO;
				MTL_FAST_MATH = YES;
				SDKROOT = iphoneos;
				SWIFT_COMPILATION_MODE = wholemodule;
				SWIFT_OPTIMIZATION_LEVEL = "-O";
				VALIDATE_PRODUCT = YES;
			};
			name = Release;
		};
		A82B8F7E29892A67002E6FA6 /* Debug */ = {
			isa = XCBuildConfiguration;
			buildSettings = {
				ASSETCATALOG_COMPILER_APPICON_NAME = AppIcon;
				ASSETCATALOG_COMPILER_GLOBAL_ACCENT_COLOR_NAME = AccentColor;
				CODE_SIGN_STYLE = Automatic;
				CURRENT_PROJECT_VERSION = 1;
				DEVELOPMENT_TEAM = HBXK2UB5Z3;
				GENERATE_INFOPLIST_FILE = YES;
				INFOPLIST_FILE = "Beer/Supporting Files/Info.plist";
				INFOPLIST_KEY_UIApplicationSupportsIndirectInputEvents = YES;
				INFOPLIST_KEY_UILaunchStoryboardName = LaunchScreen;
				INFOPLIST_KEY_UISupportedInterfaceOrientations_iPad = "UIInterfaceOrientationPortrait UIInterfaceOrientationPortraitUpsideDown UIInterfaceOrientationLandscapeLeft UIInterfaceOrientationLandscapeRight";
				INFOPLIST_KEY_UISupportedInterfaceOrientations_iPhone = "UIInterfaceOrientationPortrait UIInterfaceOrientationLandscapeLeft UIInterfaceOrientationLandscapeRight";
				IPHONEOS_DEPLOYMENT_TARGET = 15.0;
				LD_RUNPATH_SEARCH_PATHS = (
					"$(inherited)",
					"@executable_path/Frameworks",
				);
				MARKETING_VERSION = 1.0;
				PRODUCT_BUNDLE_IDENTIFIER = dev.kickbell.Beer;
				PRODUCT_NAME = "$(TARGET_NAME)";
				SWIFT_EMIT_LOC_STRINGS = YES;
				SWIFT_VERSION = 5.0;
				TARGETED_DEVICE_FAMILY = 1;
			};
			name = Debug;
		};
		A82B8F7F29892A67002E6FA6 /* Release */ = {
			isa = XCBuildConfiguration;
			buildSettings = {
				ASSETCATALOG_COMPILER_APPICON_NAME = AppIcon;
				ASSETCATALOG_COMPILER_GLOBAL_ACCENT_COLOR_NAME = AccentColor;
				CODE_SIGN_STYLE = Automatic;
				CURRENT_PROJECT_VERSION = 1;
				DEVELOPMENT_TEAM = HBXK2UB5Z3;
				GENERATE_INFOPLIST_FILE = YES;
				INFOPLIST_FILE = "Beer/Supporting Files/Info.plist";
				INFOPLIST_KEY_UIApplicationSupportsIndirectInputEvents = YES;
				INFOPLIST_KEY_UILaunchStoryboardName = LaunchScreen;
				INFOPLIST_KEY_UISupportedInterfaceOrientations_iPad = "UIInterfaceOrientationPortrait UIInterfaceOrientationPortraitUpsideDown UIInterfaceOrientationLandscapeLeft UIInterfaceOrientationLandscapeRight";
				INFOPLIST_KEY_UISupportedInterfaceOrientations_iPhone = "UIInterfaceOrientationPortrait UIInterfaceOrientationLandscapeLeft UIInterfaceOrientationLandscapeRight";
				IPHONEOS_DEPLOYMENT_TARGET = 15.0;
				LD_RUNPATH_SEARCH_PATHS = (
					"$(inherited)",
					"@executable_path/Frameworks",
				);
				MARKETING_VERSION = 1.0;
				PRODUCT_BUNDLE_IDENTIFIER = dev.kickbell.Beer;
				PRODUCT_NAME = "$(TARGET_NAME)";
				SWIFT_EMIT_LOC_STRINGS = YES;
				SWIFT_VERSION = 5.0;
				TARGETED_DEVICE_FAMILY = 1;
			};
			name = Release;
		};
		A82B8F8129892A67002E6FA6 /* Debug */ = {
			isa = XCBuildConfiguration;
			buildSettings = {
				ALWAYS_EMBED_SWIFT_STANDARD_LIBRARIES = YES;
				BUNDLE_LOADER = "$(TEST_HOST)";
				CODE_SIGN_STYLE = Automatic;
				CURRENT_PROJECT_VERSION = 1;
				DEVELOPMENT_TEAM = HBXK2UB5Z3;
				GENERATE_INFOPLIST_FILE = YES;
				IPHONEOS_DEPLOYMENT_TARGET = 15.5;
				MARKETING_VERSION = 1.0;
				PRODUCT_BUNDLE_IDENTIFIER = dev.kickbell.BeerTests;
				PRODUCT_NAME = "$(TARGET_NAME)";
				SWIFT_EMIT_LOC_STRINGS = NO;
				SWIFT_VERSION = 5.0;
				TARGETED_DEVICE_FAMILY = "1,2";
				TEST_HOST = "$(BUILT_PRODUCTS_DIR)/Beer.app/Beer";
			};
			name = Debug;
		};
		A82B8F8229892A67002E6FA6 /* Release */ = {
			isa = XCBuildConfiguration;
			buildSettings = {
				ALWAYS_EMBED_SWIFT_STANDARD_LIBRARIES = YES;
				BUNDLE_LOADER = "$(TEST_HOST)";
				CODE_SIGN_STYLE = Automatic;
				CURRENT_PROJECT_VERSION = 1;
				DEVELOPMENT_TEAM = HBXK2UB5Z3;
				GENERATE_INFOPLIST_FILE = YES;
				IPHONEOS_DEPLOYMENT_TARGET = 15.5;
				MARKETING_VERSION = 1.0;
				PRODUCT_BUNDLE_IDENTIFIER = dev.kickbell.BeerTests;
				PRODUCT_NAME = "$(TARGET_NAME)";
				SWIFT_EMIT_LOC_STRINGS = NO;
				SWIFT_VERSION = 5.0;
				TARGETED_DEVICE_FAMILY = "1,2";
				TEST_HOST = "$(BUILT_PRODUCTS_DIR)/Beer.app/Beer";
			};
			name = Release;
		};
		A82B8F8429892A67002E6FA6 /* Debug */ = {
			isa = XCBuildConfiguration;
			buildSettings = {
				ALWAYS_EMBED_SWIFT_STANDARD_LIBRARIES = YES;
				CODE_SIGN_STYLE = Automatic;
				CURRENT_PROJECT_VERSION = 1;
				DEVELOPMENT_TEAM = HBXK2UB5Z3;
				GENERATE_INFOPLIST_FILE = YES;
				MARKETING_VERSION = 1.0;
				PRODUCT_BUNDLE_IDENTIFIER = dev.kickbell.BeerUITests;
				PRODUCT_NAME = "$(TARGET_NAME)";
				SWIFT_EMIT_LOC_STRINGS = NO;
				SWIFT_VERSION = 5.0;
				TARGETED_DEVICE_FAMILY = "1,2";
				TEST_TARGET_NAME = Beer;
			};
			name = Debug;
		};
		A82B8F8529892A67002E6FA6 /* Release */ = {
			isa = XCBuildConfiguration;
			buildSettings = {
				ALWAYS_EMBED_SWIFT_STANDARD_LIBRARIES = YES;
				CODE_SIGN_STYLE = Automatic;
				CURRENT_PROJECT_VERSION = 1;
				DEVELOPMENT_TEAM = HBXK2UB5Z3;
				GENERATE_INFOPLIST_FILE = YES;
				MARKETING_VERSION = 1.0;
				PRODUCT_BUNDLE_IDENTIFIER = dev.kickbell.BeerUITests;
				PRODUCT_NAME = "$(TARGET_NAME)";
				SWIFT_EMIT_LOC_STRINGS = NO;
				SWIFT_VERSION = 5.0;
				TARGETED_DEVICE_FAMILY = "1,2";
				TEST_TARGET_NAME = Beer;
			};
			name = Release;
		};
/* End XCBuildConfiguration section */

/* Begin XCConfigurationList section */
		A82B8F4E29892A64002E6FA6 /* Build configuration list for PBXProject "Beer" */ = {
			isa = XCConfigurationList;
			buildConfigurations = (
				A82B8F7B29892A67002E6FA6 /* Debug */,
				A82B8F7C29892A67002E6FA6 /* Release */,
			);
			defaultConfigurationIsVisible = 0;
			defaultConfigurationName = Release;
		};
		A82B8F7D29892A67002E6FA6 /* Build configuration list for PBXNativeTarget "Beer" */ = {
			isa = XCConfigurationList;
			buildConfigurations = (
				A82B8F7E29892A67002E6FA6 /* Debug */,
				A82B8F7F29892A67002E6FA6 /* Release */,
			);
			defaultConfigurationIsVisible = 0;
			defaultConfigurationName = Release;
		};
		A82B8F8029892A67002E6FA6 /* Build configuration list for PBXNativeTarget "BeerTests" */ = {
			isa = XCConfigurationList;
			buildConfigurations = (
				A82B8F8129892A67002E6FA6 /* Debug */,
				A82B8F8229892A67002E6FA6 /* Release */,
			);
			defaultConfigurationIsVisible = 0;
			defaultConfigurationName = Release;
		};
		A82B8F8329892A67002E6FA6 /* Build configuration list for PBXNativeTarget "BeerUITests" */ = {
			isa = XCConfigurationList;
			buildConfigurations = (
				A82B8F8429892A67002E6FA6 /* Debug */,
				A82B8F8529892A67002E6FA6 /* Release */,
			);
			defaultConfigurationIsVisible = 0;
			defaultConfigurationName = Release;
		};
/* End XCConfigurationList section */
	};
	rootObject = A82B8F4B29892A64002E6FA6 /* Project object */;
}
